github.com/puneet2019/chain-registry-interface/sdk-go/chainregistry v0.0.0-20260114080924-a6f74ccb8a92 h1:3l/i6TuCMb8jCDl1qm+As2k3i94ng8f6uFbdStayWcw=
github.com/puneet2019/chain-registry-interface/sdk-go/chainregistry v0.0.0-20260114080924-a6f74ccb8a92/go.mod h1:qJFkvSOH+f8GFc4zehem0PERBLCDWgmJ63A70qL7ff0=
